
Microsoft Visual Studio Solution File, Format Version 12.00
# Visual Studio Version 17
VisualStudioVersion = 17.12.35707.178 d17.12
MinimumVisualStudioVersion = 10.0.40219.1
Project("{FAE04EC0-301F-11D3-BF4B-00C04F79EFBC}") = "L250224", "L250224.csproj", "{7DA6B76A-F7B2-4AA8-A394-C1E1D4CF4A19}"
EndProject
Global
	GlobalSection(SolutionConfigurationPlatforms) = preSolution
		Debug|Any CPU = Debug|Any CPU
		Release|Any CPU = Release|Any CPU
	EndGlobalSection
	GlobalSection(ProjectConfigurationPlatforms) = postSolution
		{7DA6B76A-F7B2-4AA8-A394-C1E1D4CF4A19}.Debug|Any CPU.ActiveCfg = Debug|Any CPU
		{7DA6B76A-F7B2-4AA8-A394-C1E1D4CF4A19}.Debug|Any CPU.Build.0 = Debug|Any CPU
		{7DA6B76A-F7B2-4AA8-A394-C1E1D4CF4A19}.Release|Any CPU.ActiveCfg = Release|Any CPU
		{7DA6B76A-F7B2-4AA8-A394-C1E1D4CF4A19}.Release|Any CPU.Build.0 = Release|Any CPU
	EndGlobalSection
	GlobalSection(SolutionProperties) = preSolution
		HideSolutionNode = FALSE
	EndGlobalSection
EndGlobal
