
Microsoft Visual Studio Solution File, Format Version 12.00
# Visual Studio Version 17
VisualStudioVersion = 17.12.35707.178 d17.12
MinimumVisualStudioVersion = 10.0.40219.1
Project("{FAE04EC0-301F-11D3-BF4B-00C04F79EFBC}") = "Server", "Server\Server.csproj", "{992B3A4D-2B54-4BF0-9246-4705B3867278}"
EndProject
Project("{FAE04EC0-301F-11D3-BF4B-00C04F79EFBC}") = "L250318_UDPClient", "L250318_UDPClient\L250318_UDPClient.csproj", "{EB353158-9944-45E5-B53F-31733A0088AA}"
EndProject
Global
	GlobalSection(SolutionConfigurationPlatforms) = preSolution
		Debug|Any CPU = Debug|Any CPU
		Release|Any CPU = Release|Any CPU
	EndGlobalSection
	GlobalSection(ProjectConfigurationPlatforms) = postSolution
		{992B3A4D-2B54-4BF0-9246-4705B3867278}.Debug|Any CPU.ActiveCfg = Debug|Any CPU
		{992B3A4D-2B54-4BF0-9246-4705B3867278}.Debug|Any CPU.Build.0 = Debug|Any CPU
		{992B3A4D-2B54-4BF0-9246-4705B3867278}.Release|Any CPU.ActiveCfg = Release|Any CPU
		{992B3A4D-2B54-4BF0-9246-4705B3867278}.Release|Any CPU.Build.0 = Release|Any CPU
		{EB353158-9944-45E5-B53F-31733A0088AA}.Debug|Any CPU.ActiveCfg = Debug|Any CPU
		{EB353158-9944-45E5-B53F-31733A0088AA}.Debug|Any CPU.Build.0 = Debug|Any CPU
		{EB353158-9944-45E5-B53F-31733A0088AA}.Release|Any CPU.ActiveCfg = Release|Any CPU
		{EB353158-9944-45E5-B53F-31733A0088AA}.Release|Any CPU.Build.0 = Release|Any CPU
	EndGlobalSection
	GlobalSection(SolutionProperties) = preSolution
		HideSolutionNode = FALSE
	EndGlobalSection
EndGlobal
